
Microsoft Visual Studio Solution File, Format Version 12.00
# Visual Studio 14
VisualStudioVersion = 14.0.25123.0
MinimumVisualStudioVersion = 10.0.40219.1
Project("{D4B43EB3-688B-4EEE-86BD-088F0B28ABB3}") = "OMS.NRT.Perf.Collection.Demo", "OMS.NRT.Perf.Collection.Demo\OMS.NRT.Perf.Collection.Demo.mpproj", "{57BACBF4-D413-403B-A5AC-83248EB8F225}"
EndProject
Global
	GlobalSection(SolutionConfigurationPlatforms) = preSolution
		Debug|x86 = Debug|x86
		Release|x86 = Release|x86
	EndGlobalSection
	GlobalSection(ProjectConfigurationPlatforms) = postSolution
		{57BACBF4-D413-403B-A5AC-83248EB8F225}.Debug|x86.ActiveCfg = Debug|x86
		{57BACBF4-D413-403B-A5AC-83248EB8F225}.Debug|x86.Build.0 = Debug|x86
		{57BACBF4-D413-403B-A5AC-83248EB8F225}.Release|x86.ActiveCfg = Release|x86
		{57BACBF4-D413-403B-A5AC-83248EB8F225}.Release|x86.Build.0 = Release|x86
	EndGlobalSection
	GlobalSection(SolutionProperties) = preSolution
		HideSolutionNode = FALSE
	EndGlobalSection
EndGlobal
